// !$*UTF8*$!
{
	archiveVersion = 1;
	classes = {
	};
	objectVersion = 51;
	objects = {

/* Begin PBXBuildFile section */
		15094A38D304A3E71CF0A759 /* Pods_Parstagram_ParstagramUITests.framework in Frameworks */ = {isa = PBXBuildFile; fileRef = 88CA5904A3EA77F806E9ADB4 /* Pods_Parstagram_ParstagramUITests.framework */; };
		6260B1AFFAA870F6E5B0FCA3 /* Pods_ParstagramTests.framework in Frameworks */ = {isa = PBXBuildFile; fileRef = 4204859054D76B7113D95A47 /* Pods_ParstagramTests.framework */; };
		686F30C4DA3B189884659496 /* Pods_Parstagram.framework in Frameworks */ = {isa = PBXBuildFile; fileRef = D49BDC6F9D9FD036BBEE47B8 /* Pods_Parstagram.framework */; };
		B73ADBD92543F6E20099B7AC /* PostCell.swift in Sources */ = {isa = PBXBuildFile; fileRef = B73ADBD82543F6E20099B7AC /* PostCell.swift */; };
		B784DD78254D07D900BA7ACF /* CommentCell.swift in Sources */ = {isa = PBXBuildFile; fileRef = B784DD77254D07D900BA7ACF /* CommentCell.swift */; };
		B79BB1FE2543DAEA00614F61 /* CameraViewController.swift in Sources */ = {isa = PBXBuildFile; fileRef = B79BB1FD2543DAEA00614F61 /* CameraViewController.swift */; };
		B7BCD9002542304F00882ABE /* AppDelegate.swift in Sources */ = {isa = PBXBuildFile; fileRef = B7BCD8FF2542304F00882ABE /* AppDelegate.swift */; };
		B7BCD9022542304F00882ABE /* SceneDelegate.swift in Sources */ = {isa = PBXBuildFile; fileRef = B7BCD9012542304F00882ABE /* SceneDelegate.swift */; };
		B7BCD9072542304F00882ABE /* Main.storyboard in Resources */ = {isa = PBXBuildFile; fileRef = B7BCD9052542304F00882ABE /* Main.storyboard */; };
		B7BCD9092542305100882ABE /* Assets.xcassets in Resources */ = {isa = PBXBuildFile; fileRef = B7BCD9082542305100882ABE /* Assets.xcassets */; };
		B7BCD90C2542305100882ABE /* LaunchScreen.storyboard in Resources */ = {isa = PBXBuildFile; fileRef = B7BCD90A2542305100882ABE /* LaunchScreen.storyboard */; };
		B7BCD9172542305100882ABE /* ParstagramTests.swift in Sources */ = {isa = PBXBuildFile; fileRef = B7BCD9162542305100882ABE /* ParstagramTests.swift */; };
		B7BCD9222542305200882ABE /* ParstagramUITests.swift in Sources */ = {isa = PBXBuildFile; fileRef = B7BCD9212542305200882ABE /* ParstagramUITests.swift */; };
		B7BCD9362542341200882ABE /* LoginViewController.swift in Sources */ = {isa = PBXBuildFile; fileRef = B7BCD9352542341200882ABE /* LoginViewController.swift */; };
		B7BCD93B2542342100882ABE /* FeedViewController.swift in Sources */ = {isa = PBXBuildFile; fileRef = B7BCD93A2542342100882ABE /* FeedViewController.swift */; };
/* End PBXBuildFile section */

/* Begin PBXContainerItemProxy section */
		B7BCD9132542305100882ABE /* PBXContainerItemProxy */ = {
			isa = PBXContainerItemProxy;
			containerPortal = B7BCD8F42542304F00882ABE /* Project object */;
			proxyType = 1;
			remoteGlobalIDString = B7BCD8FB2542304F00882ABE;
			remoteInfo = Parstagram;
		};
		B7BCD91E2542305200882ABE /* PBXContainerItemProxy */ = {
			isa = PBXContainerItemProxy;
			containerPortal = B7BCD8F42542304F00882ABE /* Project object */;
			proxyType = 1;
			remoteGlobalIDString = B7BCD8FB2542304F00882ABE;
			remoteInfo = Parstagram;
		};
/* End PBXContainerItemProxy section */

/* Begin PBXFileReference section */
		2EE5CCEA853260CB051C0725 /* Pods-Parstagram-ParstagramUITests.release.xcconfig */ = {isa = PBXFileReference; includeInIndex = 1; lastKnownFileType = text.xcconfig; name = "Pods-Parstagram-ParstagramUITests.release.xcconfig"; path = "Target Support Files/Pods-Parstagram-ParstagramUITests/Pods-Parstagram-ParstagramUITests.release.xcconfig"; sourceTree = "<group>"; };
		3675927910F67884CE9509B5 /* Pods-Parstagram.release.xcconfig */ = {isa = PBXFileReference; includeInIndex = 1; lastKnownFileType = text.xcconfig; name = "Pods-Parstagram.release.xcconfig"; path = "Target Support Files/Pods-Parstagram/Pods-Parstagram.release.xcconfig"; sourceTree = "<group>"; };
		4204859054D76B7113D95A47 /* Pods_ParstagramTests.framework */ = {isa = PBXFileReference; explicitFileType = wrapper.framework; includeInIndex = 0; path = Pods_ParstagramTests.framework; sourceTree = BUILT_PRODUCTS_DIR; };
		88CA5904A3EA77F806E9ADB4 /* Pods_Parstagram_ParstagramUITests.framework */ = {isa = PBXFileReference; explicitFileType = wrapper.framework; includeInIndex = 0; path = Pods_Parstagram_ParstagramUITests.framework; sourceTree = BUILT_PRODUCTS_DIR; };
		B73ADBD82543F6E20099B7AC /* PostCell.swift */ = {isa = PBXFileReference; lastKnownFileType = sourcecode.swift; path = PostCell.swift; sourceTree = "<group>"; };
		B784DD77254D07D900BA7ACF /* CommentCell.swift */ = {isa = PBXFileReference; lastKnownFileType = sourcecode.swift; path = CommentCell.swift; sourceTree = "<group>"; };
		B79BB1FD2543DAEA00614F61 /* CameraViewController.swift */ = {isa = PBXFileReference; lastKnownFileType = sourcecode.swift; path = CameraViewController.swift; sourceTree = "<group>"; };
		B7BCD8FC2542304F00882ABE /* Parstagram.app */ = {isa = PBXFileReference; explicitFileType = wrapper.application; includeInIndex = 0; path = Parstagram.app; sourceTree = BUILT_PRODUCTS_DIR; };
		B7BCD8FF2542304F00882ABE /* AppDelegate.swift */ = {isa = PBXFileReference; lastKnownFileType = sourcecode.swift; path = AppDelegate.swift; sourceTree = "<group>"; };
		B7BCD9012542304F00882ABE /* SceneDelegate.swift */ = {isa = PBXFileReference; lastKnownFileType = sourcecode.swift; path = SceneDelegate.swift; sourceTree = "<group>"; };
		B7BCD9062542304F00882ABE /* Base */ = {isa = PBXFileReference; lastKnownFileType = file.storyboard; name = Base; path = Base.lproj/Main.storyboard; sourceTree = "<group>"; };
		B7BCD9082542305100882ABE /* Assets.xcassets */ = {isa = PBXFileReference; lastKnownFileType = folder.assetcatalog; path = Assets.xcassets; sourceTree = "<group>"; };
		B7BCD90B2542305100882ABE /* Base */ = {isa = PBXFileReference; lastKnownFileType = file.storyboard; name = Base; path = Base.lproj/LaunchScreen.storyboard; sourceTree = "<group>"; };
		B7BCD90D2542305100882ABE /* Info.plist */ = {isa = PBXFileReference; lastKnownFileType = text.plist.xml; path = Info.plist; sourceTree = "<group>"; };
		B7BCD9122542305100882ABE /* ParstagramTests.xctest */ = {isa = PBXFileReference; explicitFileType = wrapper.cfbundle; includeInIndex = 0; path = ParstagramTests.xctest; sourceTree = BUILT_PRODUCTS_DIR; };
		B7BCD9162542305100882ABE /* ParstagramTests.swift */ = {isa = PBXFileReference; lastKnownFileType = sourcecode.swift; path = ParstagramTests.swift; sourceTree = "<group>"; };
		B7BCD9182542305100882ABE /* Info.plist */ = {isa = PBXFileReference; lastKnownFileType = text.plist.xml; path = Info.plist; sourceTree = "<group>"; };
		B7BCD91D2542305200882ABE /* ParstagramUITests.xctest */ = {isa = PBXFileReference; explicitFileType = wrapper.cfbundle; includeInIndex = 0; path = ParstagramUITests.xctest; sourceTree = BUILT_PRODUCTS_DIR; };
		B7BCD9212542305200882ABE /* ParstagramUITests.swift */ = {isa = PBXFileReference; lastKnownFileType = sourcecode.swift; path = ParstagramUITests.swift; sourceTree = "<group>"; };
		B7BCD9232542305200882ABE /* Info.plist */ = {isa = PBXFileReference; lastKnownFileType = text.plist.xml; path = Info.plist; sourceTree = "<group>"; };
		B7BCD9352542341200882ABE /* LoginViewController.swift */ = {isa = PBXFileReference; lastKnownFileType = sourcecode.swift; path = LoginViewController.swift; sourceTree = "<group>"; };
		B7BCD93A2542342100882ABE /* FeedViewController.swift */ = {isa = PBXFileReference; lastKnownFileType = sourcecode.swift; path = FeedViewController.swift; sourceTree = "<group>"; };
		D49BDC6F9D9FD036BBEE47B8 /* Pods_Parstagram.framework */ = {isa = PBXFileReference; explicitFileType = wrapper.framework; includeInIndex = 0; path = Pods_Parstagram.framework; sourceTree = BUILT_PRODUCTS_DIR; };
		D4F80A6300731400144A20C2 /* Pods-Parstagram.debug.xcconfig */ = {isa = PBXFileReference; includeInIndex = 1; lastKnownFileType = text.xcconfig; name = "Pods-Parstagram.debug.xcconfig"; path = "Target Support Files/Pods-Parstagram/Pods-Parstagram.debug.xcconfig"; sourceTree = "<group>"; };
		E1E4A29F09319DC17F84E5CB /* Pods-ParstagramTests.debug.xcconfig */ = {isa = PBXFileReference; includeInIndex = 1; lastKnownFileType = text.xcconfig; name = "Pods-ParstagramTests.debug.xcconfig"; path = "Target Support Files/Pods-ParstagramTests/Pods-ParstagramTests.debug.xcconfig"; sourceTree = "<group>"; };
		E2379DC2971234252036DB12 /* Pods-Parstagram-ParstagramUITests.debug.xcconfig */ = {isa = PBXFileReference; includeInIndex = 1; lastKnownFileType = text.xcconfig; name = "Pods-Parstagram-ParstagramUITests.debug.xcconfig"; path = "Target Support Files/Pods-Parstagram-ParstagramUITests/Pods-Parstagram-ParstagramUITests.debug.xcconfig"; sourceTree = "<group>"; };
		FE72C7B98214889A450A59E0 /* Pods-ParstagramTests.release.xcconfig */ = {isa = PBXFileReference; includeInIndex = 1; lastKnownFileType = text.xcconfig; name = "Pods-ParstagramTests.release.xcconfig"; path = "Target Support Files/Pods-ParstagramTests/Pods-ParstagramTests.release.xcconfig"; sourceTree = "<group>"; };
/* End PBXFileReference section */

/* Begin PBXFrameworksBuildPhase section */
		B7BCD8F92542304F00882ABE /* Frameworks */ = {
			isa = PBXFrameworksBuildPhase;
			buildActionMask = 2147483647;
			files = (
				686F30C4DA3B189884659496 /* Pods_Parstagram.framework in Frameworks */,
			);
			runOnlyForDeploymentPostprocessing = 0;
		};
		B7BCD90F2542305100882ABE /* Frameworks */ = {
			isa = PBXFrameworksBuildPhase;
			buildActionMask = 2147483647;
			files = (
				6260B1AFFAA870F6E5B0FCA3 /* Pods_ParstagramTests.framework in Frameworks */,
			);
			runOnlyForDeploymentPostprocessing = 0;
		};
		B7BCD91A2542305100882ABE /* Frameworks */ = {
			isa = PBXFrameworksBuildPhase;
			buildActionMask = 2147483647;
			files = (
				15094A38D304A3E71CF0A759 /* Pods_Parstagram_ParstagramUITests.framework in Frameworks */,
			);
			runOnlyForDeploymentPostprocessing = 0;
		};
/* End PBXFrameworksBuildPhase section */

/* Begin PBXGroup section */
		0F4EC9AA7C46ABC891DCB909 /* Pods */ = {
			isa = PBXGroup;
			children = (
				D4F80A6300731400144A20C2 /* Pods-Parstagram.debug.xcconfig */,
				3675927910F67884CE9509B5 /* Pods-Parstagram.release.xcconfig */,
				E2379DC2971234252036DB12 /* Pods-Parstagram-ParstagramUITests.debug.xcconfig */,
				2EE5CCEA853260CB051C0725 /* Pods-Parstagram-ParstagramUITests.release.xcconfig */,
				E1E4A29F09319DC17F84E5CB /* Pods-ParstagramTests.debug.xcconfig */,
				FE72C7B98214889A450A59E0 /* Pods-ParstagramTests.release.xcconfig */,
			);
			path = Pods;
			sourceTree = "<group>";
		};
		513A12B8BA801E0FC22F33EB /* Frameworks */ = {
			isa = PBXGroup;
			children = (
				D49BDC6F9D9FD036BBEE47B8 /* Pods_Parstagram.framework */,
				88CA5904A3EA77F806E9ADB4 /* Pods_Parstagram_ParstagramUITests.framework */,
				4204859054D76B7113D95A47 /* Pods_ParstagramTests.framework */,
			);
			name = Frameworks;
			sourceTree = "<group>";
		};
		B7BCD8F32542304F00882ABE = {
			isa = PBXGroup;
			children = (
				B7BCD8FE2542304F00882ABE /* Parstagram */,
				B7BCD9152542305100882ABE /* ParstagramTests */,
				B7BCD9202542305200882ABE /* ParstagramUITests */,
				B7BCD8FD2542304F00882ABE /* Products */,
				0F4EC9AA7C46ABC891DCB909 /* Pods */,
				513A12B8BA801E0FC22F33EB /* Frameworks */,
			);
			sourceTree = "<group>";
		};
		B7BCD8FD2542304F00882ABE /* Products */ = {
			isa = PBXGroup;
			children = (
				B7BCD8FC2542304F00882ABE /* Parstagram.app */,
				B7BCD9122542305100882ABE /* ParstagramTests.xctest */,
				B7BCD91D2542305200882ABE /* ParstagramUITests.xctest */,
			);
			name = Products;
			sourceTree = "<group>";
		};
		B7BCD8FE2542304F00882ABE /* Parstagram */ = {
			isa = PBXGroup;
			children = (
				B7BCD8FF2542304F00882ABE /* AppDelegate.swift */,
				B7BCD9012542304F00882ABE /* SceneDelegate.swift */,
				B7BCD9052542304F00882ABE /* Main.storyboard */,
				B7BCD9082542305100882ABE /* Assets.xcassets */,
				B7BCD90A2542305100882ABE /* LaunchScreen.storyboard */,
				B7BCD90D2542305100882ABE /* Info.plist */,
				B7BCD9352542341200882ABE /* LoginViewController.swift */,
				B7BCD93A2542342100882ABE /* FeedViewController.swift */,
				B79BB1FD2543DAEA00614F61 /* CameraViewController.swift */,
				B73ADBD82543F6E20099B7AC /* PostCell.swift */,
				B784DD77254D07D900BA7ACF /* CommentCell.swift */,
			);
			path = Parstagram;
			sourceTree = "<group>";
		};
		B7BCD9152542305100882ABE /* ParstagramTests */ = {
			isa = PBXGroup;
			children = (
				B7BCD9162542305100882ABE /* ParstagramTests.swift */,
				B7BCD9182542305100882ABE /* Info.plist */,
			);
			path = ParstagramTests;
			sourceTree = "<group>";
		};
		B7BCD9202542305200882ABE /* ParstagramUITests */ = {
			isa = PBXGroup;
			children = (
				B7BCD9212542305200882ABE /* ParstagramUITests.swift */,
				B7BCD9232542305200882ABE /* Info.plist */,
			);
			path = ParstagramUITests;
			sourceTree = "<group>";
		};
/* End PBXGroup section */

/* Begin PBXNativeTarget section */
		B7BCD8FB2542304F00882ABE /* Parstagram */ = {
			isa = PBXNativeTarget;
			buildConfigurationList = B7BCD9262542305200882ABE /* Build configuration list for PBXNativeTarget "Parstagram" */;
			buildPhases = (
				156407042A37BC773B92B1B5 /* [CP] Check Pods Manifest.lock */,
				B7BCD8F82542304F00882ABE /* Sources */,
				B7BCD8F92542304F00882ABE /* Frameworks */,
				B7BCD8FA2542304F00882ABE /* Resources */,
				DA7AAFDF210FC3E714CBC5F3 /* [CP] Embed Pods Frameworks */,
			);
			buildRules = (
			);
			dependencies = (
			);
			name = Parstagram;
			productName = Parstagram;
			productReference = B7BCD8FC2542304F00882ABE /* Parstagram.app */;
			productType = "com.apple.product-type.application";
		};
		B7BCD9112542305100882ABE /* ParstagramTests */ = {
			isa = PBXNativeTarget;
			buildConfigurationList = B7BCD9292542305200882ABE /* Build configuration list for PBXNativeTarget "ParstagramTests" */;
			buildPhases = (
				C140B6F06CA3D8F7BDEA43FB /* [CP] Check Pods Manifest.lock */,
				B7BCD90E2542305100882ABE /* Sources */,
				B7BCD90F2542305100882ABE /* Frameworks */,
				B7BCD9102542305100882ABE /* Resources */,
			);
			buildRules = (
			);
			dependencies = (
				B7BCD9142542305100882ABE /* PBXTargetDependency */,
			);
			name = ParstagramTests;
			productName = ParstagramTests;
			productReference = B7BCD9122542305100882ABE /* ParstagramTests.xctest */;
			productType = "com.apple.product-type.bundle.unit-test";
		};
		B7BCD91C2542305100882ABE /* ParstagramUITests */ = {
			isa = PBXNativeTarget;
			buildConfigurationList = B7BCD92C2542305200882ABE /* Build configuration list for PBXNativeTarget "ParstagramUITests" */;
			buildPhases = (
				BAD8E0A1A4593CB85C6ACCF9 /* [CP] Check Pods Manifest.lock */,
				B7BCD9192542305100882ABE /* Sources */,
				B7BCD91A2542305100882ABE /* Frameworks */,
				B7BCD91B2542305100882ABE /* Resources */,
				52CF4E729EB6A06827E5AE60 /* [CP] Embed Pods Frameworks */,
			);
			buildRules = (
			);
			dependencies = (
				B7BCD91F2542305200882ABE /* PBXTargetDependency */,
			);
			name = ParstagramUITests;
			productName = ParstagramUITests;
			productReference = B7BCD91D2542305200882ABE /* ParstagramUITests.xctest */;
			productType = "com.apple.product-type.bundle.ui-testing";
		};
/* End PBXNativeTarget section */

/* Begin PBXProject section */
		B7BCD8F42542304F00882ABE /* Project object */ = {
			isa = PBXProject;
			attributes = {
				LastSwiftUpdateCheck = 1200;
				LastUpgradeCheck = 1200;
				TargetAttributes = {
					B7BCD8FB2542304F00882ABE = {
						CreatedOnToolsVersion = 12.0.1;
					};
					B7BCD9112542305100882ABE = {
						CreatedOnToolsVersion = 12.0.1;
						TestTargetID = B7BCD8FB2542304F00882ABE;
					};
					B7BCD91C2542305100882ABE = {
						CreatedOnToolsVersion = 12.0.1;
						TestTargetID = B7BCD8FB2542304F00882ABE;
					};
				};
			};
			buildConfigurationList = B7BCD8F72542304F00882ABE /* Build configuration list for PBXProject "Parstagram" */;
			compatibilityVersion = "Xcode 9.3";
			developmentRegion = en;
			hasScannedForEncodings = 0;
			knownRegions = (
				en,
				Base,
			);
			mainGroup = B7BCD8F32542304F00882ABE;
			productRefGroup = B7BCD8FD2542304F00882ABE /* Products */;
			projectDirPath = "";
			projectRoot = "";
			targets = (
				B7BCD8FB2542304F00882ABE /* Parstagram */,
				B7BCD9112542305100882ABE /* ParstagramTests */,
				B7BCD91C2542305100882ABE /* ParstagramUITests */,
			);
		};
/* End PBXProject section */

/* Begin PBXResourcesBuildPhase section */
		B7BCD8FA2542304F00882ABE /* Resources */ = {
			isa = PBXResourcesBuildPhase;
			buildActionMask = 2147483647;
			files = (
				B7BCD90C2542305100882ABE /* LaunchScreen.storyboard in Resources */,
				B7BCD9092542305100882ABE /* Assets.xcassets in Resources */,
				B7BCD9072542304F00882ABE /* Main.storyboard in Resources */,
			);
			runOnlyForDeploymentPostprocessing = 0;
		};
		B7BCD9102542305100882ABE /* Resources */ = {
			isa = PBXResourcesBuildPhase;
			buildActionMask = 2147483647;
			files = (
			);
			runOnlyForDeploymentPostprocessing = 0;
		};
		B7BCD91B2542305100882ABE /* Resources */ = {
			isa = PBXResourcesBuildPhase;
			buildActionMask = 2147483647;
			files = (
			);
			runOnlyForDeploymentPostprocessing = 0;
		};
/* End PBXResourcesBuildPhase section */

/* Begin PBXShellScriptBuildPhase section */
		156407042A37BC773B92B1B5 /* [CP] Check Pods Manifest.lock */ = {
			isa = PBXShellScriptBuildPhase;
			buildActionMask = 2147483647;
			files = (
			);
			inputFileListPaths = (
			);
			inputPaths = (
				"${PODS_PODFILE_DIR_PATH}/Podfile.lock",
				"${PODS_ROOT}/Manifest.lock",
			);
			name = "[CP] Check Pods Manifest.lock";
			outputFileListPaths = (
			);
			outputPaths = (
				"$(DERIVED_FILE_DIR)/Pods-Parstagram-checkManifestLockResult.txt",
			);
			runOnlyForDeploymentPostprocessing = 0;
			shellPath = /bin/sh;
			shellScript = "diff \"${PODS_PODFILE_DIR_PATH}/Podfile.lock\" \"${PODS_ROOT}/Manifest.lock\" > /dev/null\nif [ $? != 0 ] ; then\n    # print error to STDERR\n    echo \"error: The sandbox is not in sync with the Podfile.lock. Run 'pod install' or update your CocoaPods installation.\" >&2\n    exit 1\nfi\n# This output is used by Xcode 'outputs' to avoid re-running this script phase.\necho \"SUCCESS\" > \"${SCRIPT_OUTPUT_FILE_0}\"\n";
			showEnvVarsInLog = 0;
		};
		52CF4E729EB6A06827E5AE60 /* [CP] Embed Pods Frameworks */ = {
			isa = PBXShellScriptBuildPhase;
			buildActionMask = 2147483647;
			files = (
			);
			inputFileListPaths = (
				"${PODS_ROOT}/Target Support Files/Pods-Parstagram-ParstagramUITests/Pods-Parstagram-ParstagramUITests-frameworks-${CONFIGURATION}-input-files.xcfilelist",
			);
			name = "[CP] Embed Pods Frameworks";
			outputFileListPaths = (
				"${PODS_ROOT}/Target Support Files/Pods-Parstagram-ParstagramUITests/Pods-Parstagram-ParstagramUITests-frameworks-${CONFIGURATION}-output-files.xcfilelist",
			);
			runOnlyForDeploymentPostprocessing = 0;
			shellPath = /bin/sh;
			shellScript = "\"${PODS_ROOT}/Target Support Files/Pods-Parstagram-ParstagramUITests/Pods-Parstagram-ParstagramUITests-frameworks.sh\"\n";
			showEnvVarsInLog = 0;
		};
		BAD8E0A1A4593CB85C6ACCF9 /* [CP] Check Pods Manifest.lock */ = {
			isa = PBXShellScriptBuildPhase;
			buildActionMask = 2147483647;
			files = (
			);
			inputFileListPaths = (
			);
			inputPaths = (
				"${PODS_PODFILE_DIR_PATH}/Podfile.lock",
				"${PODS_ROOT}/Manifest.lock",
			);
			name = "[CP] Check Pods Manifest.lock";
			outputFileListPaths = (
			);
			outputPaths = (
				"$(DERIVED_FILE_DIR)/Pods-Parstagram-ParstagramUITests-checkManifestLockResult.txt",
			);
			runOnlyForDeploymentPostprocessing = 0;
			shellPath = /bin/sh;
			shellScript = "diff \"${PODS_PODFILE_DIR_PATH}/Podfile.lock\" \"${PODS_ROOT}/Manifest.lock\" > /dev/null\nif [ $? != 0 ] ; then\n    # print error to STDERR\n    echo \"error: The sandbox is not in sync with the Podfile.lock. Run 'pod install' or update your CocoaPods installation.\" >&2\n    exit 1\nfi\n# This output is used by Xcode 'outputs' to avoid re-running this script phase.\necho \"SUCCESS\" > \"${SCRIPT_OUTPUT_FILE_0}\"\n";
			showEnvVarsInLog = 0;
		};
		C140B6F06CA3D8F7BDEA43FB /* [CP] Check Pods Manifest.lock */ = {
			isa = PBXShellScriptBuildPhase;
			buildActionMask = 2147483647;
			files = (
			);
			inputFileListPaths = (
			);
			inputPaths = (
				"${PODS_PODFILE_DIR_PATH}/Podfile.lock",
				"${PODS_ROOT}/Manifest.lock",
			);
			name = "[CP] Check Pods Manifest.lock";
			outputFileListPaths = (
			);
			outputPaths = (
				"$(DERIVED_FILE_DIR)/Pods-ParstagramTests-checkManifestLockResult.txt",
			);
			runOnlyForDeploymentPostprocessing = 0;
			shellPath = /bin/sh;
			shellScript = "diff \"${PODS_PODFILE_DIR_PATH}/Podfile.lock\" \"${PODS_ROOT}/Manifest.lock\" > /dev/null\nif [ $? != 0 ] ; then\n    # print error to STDERR\n    echo \"error: The sandbox is not in sync with the Podfile.lock. Run 'pod install' or update your CocoaPods installation.\" >&2\n    exit 1\nfi\n# This output is used by Xcode 'outputs' to avoid re-running this script phase.\necho \"SUCCESS\" > \"${SCRIPT_OUTPUT_FILE_0}\"\n";
			showEnvVarsInLog = 0;
		};
		DA7AAFDF210FC3E714CBC5F3 /* [CP] Embed Pods Frameworks */ = {
			isa = PBXShellScriptBuildPhase;
			buildActionMask = 2147483647;
			files = (
			);
			inputFileListPaths = (
				"${PODS_ROOT}/Target Support Files/Pods-Parstagram/Pods-Parstagram-frameworks-${CONFIGURATION}-input-files.xcfilelist",
			);
			name = "[CP] Embed Pods Frameworks";
			outputFileListPaths = (
				"${PODS_ROOT}/Target Support Files/Pods-Parstagram/Pods-Parstagram-frameworks-${CONFIGURATION}-output-files.xcfilelist",
			);
			runOnlyForDeploymentPostprocessing = 0;
			shellPath = /bin/sh;
			shellScript = "\"${PODS_ROOT}/Target Support Files/Pods-Parstagram/Pods-Parstagram-frameworks.sh\"\n";
			showEnvVarsInLog = 0;
		};
/* End PBXShellScriptBuildPhase section */

/* Begin PBXSourcesBuildPhase section */
		B7BCD8F82542304F00882ABE /* Sources */ = {
			isa = PBXSourcesBuildPhase;
			buildActionMask = 2147483647;
			files = (
				B7BCD9362542341200882ABE /* LoginViewController.swift in Sources */,
				B79BB1FE2543DAEA00614F61 /* CameraViewController.swift in Sources */,
				B7BCD9002542304F00882ABE /* AppDelegate.swift in Sources */,
				B7BCD93B2542342100882ABE /* FeedViewController.swift in Sources */,
				B7BCD9022542304F00882ABE /* SceneDelegate.swift in Sources */,
				B73ADBD92543F6E20099B7AC /* PostCell.swift in Sources */,
				B784DD78254D07D900BA7ACF /* CommentCell.swift in Sources */,
			);
			runOnlyForDeploymentPostprocessing = 0;
		};
		B7BCD90E2542305100882ABE /* Sources */ = {
			isa = PBXSourcesBuildPhase;
			buildActionMask = 2147483647;
			files = (
				B7BCD9172542305100882ABE /* ParstagramTests.swift in Sources */,
			);
			runOnlyForDeploymentPostprocessing = 0;
		};
		B7BCD9192542305100882ABE /* Sources */ = {
			isa = PBXSourcesBuildPhase;
			buildActionMask = 2147483647;
			files = (
				B7BCD9222542305200882ABE /* ParstagramUITests.swift in Sources */,
			);
			runOnlyForDeploymentPostprocessing = 0;
		};
/* End PBXSourcesBuildPhase section */

/* Begin PBXTargetDependency section */
		B7BCD9142542305100882ABE /* PBXTargetDependency */ = {
			isa = PBXTargetDependency;
			target = B7BCD8FB2542304F00882ABE /* Parstagram */;
			targetProxy = B7BCD9132542305100882ABE /* PBXContainerItemProxy */;
		};
		B7BCD91F2542305200882ABE /* PBXTargetDependency */ = {
			isa = PBXTargetDependency;
			target = B7BCD8FB2542304F00882ABE /* Parstagram */;
			targetProxy = B7BCD91E2542305200882ABE /* PBXContainerItemProxy */;
		};
/* End PBXTargetDependency section */

/* Begin PBXVariantGroup section */
		B7BCD9052542304F00882ABE /* Main.storyboard */ = {
			isa = PBXVariantGroup;
			children = (
				B7BCD9062542304F00882ABE /* Base */,
			);
			name = Main.storyboard;
			sourceTree = "<group>";
		};
		B7BCD90A2542305100882ABE /* LaunchScreen.storyboard */ = {
			isa = PBXVariantGroup;
			children = (
				B7BCD90B2542305100882ABE /* Base */,
			);
			name = LaunchScreen.storyboard;
			sourceTree = "<group>";
		};
/* End PBXVariantGroup section */

/* Begin XCBuildConfiguration section */
		B7BCD9242542305200882ABE /* Debug */ = {
			isa = XCBuildConfiguration;
			buildSettings = {
				ALWAYS_SEARCH_USER_PATHS = NO;
				CLANG_ANALYZER_NONNULL = YES;
				CLANG_ANALYZER_NUMBER_OBJECT_CONVERSION = YES_AGGRESSIVE;
				CLANG_CXX_LANGUAGE_STANDARD = "gnu++14";
				CLANG_CXX_LIBRARY = "libc++";
				CLANG_ENABLE_MODULES = YES;
				CLANG_ENABLE_OBJC_ARC = YES;
				CLANG_ENABLE_OBJC_WEAK = YES;
				CLANG_WARN_BLOCK_CAPTURE_AUTORELEASING = YES;
				CLANG_WARN_BOOL_CONVERSION = YES;
				CLANG_WARN_COMMA = YES;
				CLANG_WARN_CONSTANT_CONVERSION = YES;
				CLANG_WARN_DEPRECATED_OBJC_IMPLEMENTATIONS = YES;
				CLANG_WARN_DIRECT_OBJC_ISA_USAGE = YES_ERROR;
				CLANG_WARN_DOCUMENTATION_COMMENTS = YES;
				CLANG_WARN_EMPTY_BODY = YES;
				CLANG_WARN_ENUM_CONVERSION = YES;
				CLANG_WARN_INFINITE_RECURSION = YES;
				CLANG_WARN_INT_CONVERSION = YES;
				CLANG_WARN_NON_LITERAL_NULL_CONVERSION = YES;
				CLANG_WARN_OBJC_IMPLICIT_RETAIN_SELF = YES;
				CLANG_WARN_OBJC_LITERAL_CONVERSION = YES;
				CLANG_WARN_OBJC_ROOT_CLASS = YES_ERROR;
				CLANG_WARN_QUOTED_INCLUDE_IN_FRAMEWORK_HEADER = YES;
				CLANG_WARN_RANGE_LOOP_ANALYSIS = YES;
				CLANG_WARN_STRICT_PROTOTYPES = YES;
				CLANG_WARN_SUSPICIOUS_MOVE = YES;
				CLANG_WARN_UNGUARDED_AVAILABILITY = YES_AGGRESSIVE;
				CLANG_WARN_UNREACHABLE_CODE = YES;
				CLANG_WARN__DUPLICATE_METHOD_MATCH = YES;
				COPY_PHASE_STRIP = NO;
				DEBUG_INFORMATION_FORMAT = dwarf;
				ENABLE_STRICT_OBJC_MSGSEND = YES;
				ENABLE_TESTABILITY = YES;
				GCC_C_LANGUAGE_STANDARD = gnu11;
				GCC_DYNAMIC_NO_PIC = NO;
				GCC_NO_COMMON_BLOCKS = YES;
				GCC_OPTIMIZATION_LEVEL = 0;
				GCC_PREPROCESSOR_DEFINITIONS = (
					"DEBUG=1",
					"$(inherited)",
				);
				GCC_WARN_64_TO_32_BIT_CONVERSION = YES;
				GCC_WARN_ABOUT_RETURN_TYPE = YES_ERROR;
				GCC_WARN_UNDECLARED_SELECTOR = YES;
				GCC_WARN_UNINITIALIZED_AUTOS = YES_AGGRESSIVE;
				GCC_WARN_UNUSED_FUNCTION = YES;
				GCC_WARN_UNUSED_VARIABLE = YES;
				IPHONEOS_DEPLOYMENT_TARGET = 14.0;
				MTL_ENABLE_DEBUG_INFO = INCLUDE_SOURCE;
				MTL_FAST_MATH = YES;
				ONLY_ACTIVE_ARCH = YES;
				SDKROOT = iphoneos;
				SWIFT_ACTIVE_COMPILATION_CONDITIONS = DEBUG;
				SWIFT_OPTIMIZATION_LEVEL = "-Onone";
			};
			name = Debug;
		};
		B7BCD9252542305200882ABE /* Release */ = {
			isa = XCBuildConfiguration;
			buildSettings = {
				ALWAYS_SEARCH_USER_PATHS = NO;
				CLANG_ANALYZER_NONNULL = YES;
				CLANG_ANALYZER_NUMBER_OBJECT_CONVERSION = YES_AGGRESSIVE;
				CLANG_CXX_LANGUAGE_STANDARD = "gnu++14";
				CLANG_CXX_LIBRARY = "libc++";
				CLANG_ENABLE_MODULES = YES;
				CLANG_ENABLE_OBJC_ARC = YES;
				CLANG_ENABLE_OBJC_WEAK = YES;
				CLANG_WARN_BLOCK_CAPTURE_AUTORELEASING = YES;
				CLANG_WARN_BOOL_CONVERSION = YES;
				CLANG_WARN_COMMA = YES;
				CLANG_WARN_CONSTANT_CONVERSION = YES;
				CLANG_WARN_DEPRECATED_OBJC_IMPLEMENTATIONS = YES;
				CLANG_WARN_DIRECT_OBJC_ISA_USAGE = YES_ERROR;
				CLANG_WARN_DOCUMENTATION_COMMENTS = YES;
				CLANG_WARN_EMPTY_BODY = YES;
				CLANG_WARN_ENUM_CONVERSION = YES;
				CLANG_WARN_INFINITE_RECURSION = YES;
				CLANG_WARN_INT_CONVERSION = YES;
				CLANG_WARN_NON_LITERAL_NULL_CONVERSION = YES;
				CLANG_WARN_OBJC_IMPLICIT_RETAIN_SELF = YES;
				CLANG_WARN_OBJC_LITERAL_CONVERSION = YES;
				CLANG_WARN_OBJC_ROOT_CLASS = YES_ERROR;
				CLANG_WARN_QUOTED_INCLUDE_IN_FRAMEWORK_HEADER = YES;
				CLANG_WARN_RANGE_LOOP_ANALYSIS = YES;
				CLANG_WARN_STRICT_PROTOTYPES = YES;
				CLANG_WARN_SUSPICIOUS_MOVE = YES;
				CLANG_WARN_UNGUARDED_AVAILABILITY = YES_AGGRESSIVE;
				CLANG_WARN_UNREACHABLE_CODE = YES;
				CLANG_WARN__DUPLICATE_METHOD_MATCH = YES;
				COPY_PHASE_STRIP = NO;
				DEBUG_INFORMATION_FORMAT = "dwarf-with-dsym";
				ENABLE_NS_ASSERTIONS = NO;
				ENABLE_STRICT_OBJC_MSGSEND = YES;
				GCC_C_LANGUAGE_STANDARD = gnu11;
				GCC_NO_COMMON_BLOCKS = YES;
				GCC_WARN_64_TO_32_BIT_CONVERSION = YES;
				GCC_WARN_ABOUT_RETURN_TYPE = YES_ERROR;
				GCC_WARN_UNDECLARED_SELECTOR = YES;
				GCC_WARN_UNINITIALIZED_AUTOS = YES_AGGRESSIVE;
				GCC_WARN_UNUSED_FUNCTION = YES;
				GCC_WARN_UNUSED_VARIABLE = YES;
				IPHONEOS_DEPLOYMENT_TARGET = 14.0;
				MTL_ENABLE_DEBUG_INFO = NO;
				MTL_FAST_MATH = YES;
				SDKROOT = iphoneos;
				SWIFT_COMPILATION_MODE = wholemodule;
				SWIFT_OPTIMIZATION_LEVEL = "-O";
				VALIDATE_PRODUCT = YES;
			};
			name = Release;
		};
		B7BCD9272542305200882ABE /* Debug */ = {
			isa = XCBuildConfiguration;
			baseConfigurationReference = D4F80A6300731400144A20C2 /* Pods-Parstagram.debug.xcconfig */;
			buildSettings = {
				ASSETCATALOG_COMPILER_APPICON_NAME = AppIcon;
				ASSETCATALOG_COMPILER_GLOBAL_ACCENT_COLOR_NAME = AccentColor;
				CODE_SIGN_STYLE = Automatic;
				INFOPLIST_FILE = Parstagram/Info.plist;
				LD_RUNPATH_SEARCH_PATHS = (
					"$(inherited)",
					"@executable_path/Frameworks",
				);
				PRODUCT_BUNDLE_IDENTIFIER = Lillyfab26.Parstagram;
				PRODUCT_NAME = "$(TARGET_NAME)";
				SWIFT_VERSION = 5.0;
				TARGETED_DEVICE_FAMILY = "1,2";
			};
			name = Debug;
		};
		B7BCD9282542305200882ABE /* Release */ = {
			isa = XCBuildConfiguration;
			baseConfigurationReference = 3675927910F67884CE9509B5 /* Pods-Parstagram.release.xcconfig */;
			buildSettings = {
				ASSETCATALOG_COMPILER_APPICON_NAME = AppIcon;
				ASSETCATALOG_COMPILER_GLOBAL_ACCENT_COLOR_NAME = AccentColor;
				CODE_SIGN_STYLE = Automatic;
				INFOPLIST_FILE = Parstagram/Info.plist;
				LD_RUNPATH_SEARCH_PATHS = (
					"$(inherited)",
					"@executable_path/Frameworks",
				);
				PRODUCT_BUNDLE_IDENTIFIER = Lillyfab26.Parstagram;
				PRODUCT_NAME = "$(TARGET_NAME)";
				SWIFT_VERSION = 5.0;
				TARGETED_DEVICE_FAMILY = "1,2";
			};
			name = Release;
		};
		B7BCD92A2542305200882ABE /* Debug */ = {
			isa = XCBuildConfiguration;
			baseConfigurationReference = E1E4A29F09319DC17F84E5CB /* Pods-ParstagramTests.debug.xcconfig */;
			buildSettings = {
				ALWAYS_EMBED_SWIFT_STANDARD_LIBRARIES = YES;
				BUNDLE_LOADER = "$(TEST_HOST)";
				CODE_SIGN_STYLE = Automatic;
				INFOPLIST_FILE = ParstagramTests/Info.plist;
				IPHONEOS_DEPLOYMENT_TARGET = 14.0;
				LD_RUNPATH_SEARCH_PATHS = (
					"$(inherited)",
					"@executable_path/Frameworks",
					"@loader_path/Frameworks",
				);
				PRODUCT_BUNDLE_IDENTIFIER = Lillyfab26.ParstagramTests;
				PRODUCT_NAME = "$(TARGET_NAME)";
				SWIFT_VERSION = 5.0;
				TARGETED_DEVICE_FAMILY = "1,2";
				TEST_HOST = "$(BUILT_PRODUCTS_DIR)/Parstagram.app/Parstagram";
			};
			name = Debug;
		};
		B7BCD92B2542305200882ABE /* Release */ = {
			isa = XCBuildConfiguration;
			baseConfigurationReference = FE72C7B98214889A450A59E0 /* Pods-ParstagramTests.release.xcconfig */;
			buildSettings = {
				ALWAYS_EMBED_SWIFT_STANDARD_LIBRARIES = YES;
				BUNDLE_LOADER = "$(TEST_HOST)";
				CODE_SIGN_STYLE = Automatic;
				INFOPLIST_FILE = ParstagramTests/Info.plist;
				IPHONEOS_DEPLOYMENT_TARGET = 14.0;
				LD_RUNPATH_SEARCH_PATHS = (
					"$(inherited)",
					"@executable_path/Frameworks",
					"@loader_path/Frameworks",
				);
				PRODUCT_BUNDLE_IDENTIFIER = Lillyfab26.ParstagramTests;
				PRODUCT_NAME = "$(TARGET_NAME)";
				SWIFT_VERSION = 5.0;
				TARGETED_DEVICE_FAMILY = "1,2";
				TEST_HOST = "$(BUILT_PRODUCTS_DIR)/Parstagram.app/Parstagram";
			};
			name = Release;
		};
		B7BCD92D2542305200882ABE /* Debug */ = {
			isa = XCBuildConfiguration;
			baseConfigurationReference = E2379DC2971234252036DB12 /* Pods-Parstagram-ParstagramUITests.debug.xcconfig */;
			buildSettings = {
				ALWAYS_EMBED_SWIFT_STANDARD_LIBRARIES = YES;
				CODE_SIGN_STYLE = Automatic;
				INFOPLIST_FILE = ParstagramUITests/Info.plist;
				LD_RUNPATH_SEARCH_PATHS = (
					"$(inherited)",
					"@executable_path/Frameworks",
					"@loader_path/Frameworks",
				);
				PRODUCT_BUNDLE_IDENTIFIER = Lillyfab26.ParstagramUITests;
				PRODUCT_NAME = "$(TARGET_NAME)";
				SWIFT_VERSION = 5.0;
				TARGETED_DEVICE_FAMILY = "1,2";
				TEST_TARGET_NAME = Parstagram;
			};
			name = Debug;
		};
		B7BCD92E2542305200882ABE /* Release */ = {
			isa = XCBuildConfiguration;
			baseConfigurationReference = 2EE5CCEA853260CB051C0725 /* Pods-Parstagram-ParstagramUITests.release.xcconfig */;
			buildSettings = {
				ALWAYS_EMBED_SWIFT_STANDARD_LIBRARIES = YES;
				CODE_SIGN_STYLE = Automatic;
				INFOPLIST_FILE = ParstagramUITests/Info.plist;
				LD_RUNPATH_SEARCH_PATHS = (
					"$(inherited)",
					"@executable_path/Frameworks",
					"@loader_path/Frameworks",
				);
				PRODUCT_BUNDLE_IDENTIFIER = Lillyfab26.ParstagramUITests;
				PRODUCT_NAME = "$(TARGET_NAME)";
				SWIFT_VERSION = 5.0;
				TARGETED_DEVICE_FAMILY = "1,2";
				TEST_TARGET_NAME = Parstagram;
			};
			name = Release;
		};
/* End XCBuildConfiguration section */

/* Begin XCConfigurationList section */
		B7BCD8F72542304F00882ABE /* Build configuration list for PBXProject "Parstagram" */ = {
			isa = XCConfigurationList;
			buildConfigurations = (
				B7BCD9242542305200882ABE /* Debug */,
				B7BCD9252542305200882ABE /* Release */,
			);
			defaultConfigurationIsVisible = 0;
			defaultConfigurationName = Release;
		};
		B7BCD9262542305200882ABE /* Build configuration list for PBXNativeTarget "Parstagram" */ = {
			isa = XCConfigurationList;
			buildConfigurations = (
				B7BCD9272542305200882ABE /* Debug */,
				B7BCD9282542305200882ABE /* Release */,
			);
			defaultConfigurationIsVisible = 0;
			defaultConfigurationName = Release;
		};
		B7BCD9292542305200882ABE /* Build configuration list for PBXNativeTarget "ParstagramTests" */ = {
			isa = XCConfigurationList;
			buildConfigurations = (
				B7BCD92A2542305200882ABE /* Debug */,
				B7BCD92B2542305200882ABE /* Release */,
			);
			defaultConfigurationIsVisible = 0;
			defaultConfigurationName = Release;
		};
		B7BCD92C2542305200882ABE /* Build configuration list for PBXNativeTarget "ParstagramUITests" */ = {
			isa = XCConfigurationList;
			buildConfigurations = (
				B7BCD92D2542305200882ABE /* Debug */,
				B7BCD92E2542305200882ABE /* Release */,
			);
			defaultConfigurationIsVisible = 0;
			defaultConfigurationName = Release;
		};
/* End XCConfigurationList section */
	};
	rootObject = B7BCD8F42542304F00882ABE /* Project object */;
}
